
Microsoft Visual Studio Solution File, Format Version 12.00
# Visual Studio Version 17
VisualStudioVersion = 17.9.34728.123
MinimumVisualStudioVersion = 10.0.40219.1
Project("{FAE04EC0-301F-11D3-BF4B-00C04F79EFBC}") = "caltamiranoT7", "caltamiranoT7\caltamiranoT7.csproj", "{E982A5B2-1C6F-448D-9780-5CE143C37AE8}"
EndProject
Global
	GlobalSection(SolutionConfigurationPlatforms) = preSolution
		Debug|Any CPU = Debug|Any CPU
		Release|Any CPU = Release|Any CPU
	EndGlobalSection
	GlobalSection(ProjectConfigurationPlatforms) = postSolution
		{E982A5B2-1C6F-448D-9780-5CE143C37AE8}.Debug|Any CPU.ActiveCfg = Debug|Any CPU
		{E982A5B2-1C6F-448D-9780-5CE143C37AE8}.Debug|Any CPU.Build.0 = Debug|Any CPU
		{E982A5B2-1C6F-448D-9780-5CE143C37AE8}.Debug|Any CPU.Deploy.0 = Debug|Any CPU
		{E982A5B2-1C6F-448D-9780-5CE143C37AE8}.Release|Any CPU.ActiveCfg = Release|Any CPU
		{E982A5B2-1C6F-448D-9780-5CE143C37AE8}.Release|Any CPU.Build.0 = Release|Any CPU
		{E982A5B2-1C6F-448D-9780-5CE143C37AE8}.Release|Any CPU.Deploy.0 = Release|Any CPU
	EndGlobalSection
	GlobalSection(SolutionProperties) = preSolution
		HideSolutionNode = FALSE
	EndGlobalSection
	GlobalSection(ExtensibilityGlobals) = postSolution
		SolutionGuid = {416950AF-81C4-48A4-8223-C26B5F8BC992}
	EndGlobalSection
EndGlobal
